<?xml version="1.0" encoding="utf-8"?>
<Project ToolsVersion="4.0" xmlns="http://schemas.microsoft.com/developer/msbuild/2003">
  <ItemGroup>
    <ClInclude Include="Display.h" />
    <ClInclude Include="PixelSet.h" />
    <ClInclude Include="Time.h" />
    <ClInclude Include="WebsiteHandler.h" />
    <ClInclude Include="AccessPointHandler.h" />
    <ClInclude Include="Server.h" />
    <ClInclude Include="Timing.h" />
    <ClInclude Include="Configuration.h" />
    <ClInclude Include="Color.h" />
    <ClInclude Include="GermanDisplay.h" />
    <ClInclude Include="SwabianDisplay.h" />
    <ClInclude Include="__vm\.QlockToo.vsarduino.h" />
  </ItemGroup>
  <ItemGroup>
    <None Include="QlockToo.ino" />
  </ItemGroup>
  <ItemGroup>
    <ClCompile Include="Configuration.cpp" />
  </ItemGroup>
</Project>