<?xml version="1.0" encoding="utf-8"?>
<Project ToolsVersion="4.0" xmlns="http://schemas.microsoft.com/developer/msbuild/2003">
  <ItemGroup>
    <ClInclude Include="Configuration.h" />
    <ClInclude Include="Color.h">
      <Filter>Display</Filter>
    </ClInclude>
    <ClInclude Include="Display.h">
      <Filter>Display</Filter>
    </ClInclude>
    <ClInclude Include="SwabianDisplay.h">
      <Filter>Display</Filter>
    </ClInclude>
    <ClInclude Include="AccessPointHandler.h">
      <Filter>Server</Filter>
    </ClInclude>
    <ClInclude Include="WebsiteHandler.h">
      <Filter>Server</Filter>
    </ClInclude>
    <ClInclude Include="GermanDisplay.h">
      <Filter>Display</Filter>
    </ClInclude>
    <ClInclude Include="MySet.h">
      <Filter>Display</Filter>
    </ClInclude>
    <ClInclude Include="Time.h">
      <Filter>Clock</Filter>
    </ClInclude>
    <ClInclude Include="QlockClock.h">
      <Filter>Clock</Filter>
    </ClInclude>
    <ClInclude Include="QlockServer.h">
      <Filter>Server</Filter>
    </ClInclude>
    <ClInclude Include="QlockToo.h" />
    <ClInclude Include="Specials.h" />
    <ClInclude Include="__vm\.QlockToo.vsarduino.h" />
  </ItemGroup>
  <ItemGroup>
    <None Include="QlockToo.ino" />
  </ItemGroup>
  <ItemGroup>
    <ClCompile Include="Configuration.cpp" />
    <ClCompile Include="QlockClock.cpp">
      <Filter>Clock</Filter>
    </ClCompile>
    <ClCompile Include="QlockServer.cpp">
      <Filter>Server</Filter>
    </ClCompile>
    <ClCompile Include="AccessPointHandler.cpp">
      <Filter>Server</Filter>
    </ClCompile>
    <ClCompile Include="WebsiteHandler.cpp">
      <Filter>Server</Filter>
    </ClCompile>
    <ClCompile Include="QlockToo.cpp" />
    <ClCompile Include="Display.cpp">
      <Filter>Display</Filter>
    </ClCompile>
    <ClCompile Include="GermanDisplay.cpp">
      <Filter>Display</Filter>
    </ClCompile>
    <ClCompile Include="SwabianDisplay.cpp">
      <Filter>Display</Filter>
    </ClCompile>
    <ClCompile Include="Color.cpp">
      <Filter>Display</Filter>
    </ClCompile>
    <ClCompile Include="Time.cpp">
      <Filter>Clock</Filter>
    </ClCompile>
  </ItemGroup>
  <ItemGroup>
    <Filter Include="Display">
      <UniqueIdentifier>{e49bf59d-d75f-4504-93ac-e355b7175c28}</UniqueIdentifier>
    </Filter>
    <Filter Include="Server">
      <UniqueIdentifier>{366fccd8-170f-498e-94db-abba01156afe}</UniqueIdentifier>
    </Filter>
    <Filter Include="Clock">
      <UniqueIdentifier>{caa070fd-680b-4992-af98-0688c7dbbbf9}</UniqueIdentifier>
    </Filter>
  </ItemGroup>
</Project>