
Microsoft Visual Studio Solution File, Format Version 12.00
# Visual Studio 15
VisualStudioVersion = 15.0.28307.1622
MinimumVisualStudioVersion = 10.0.40219.1
Project("{8BC9CEB8-8B4A-11D0-8D11-00A0C91BC942}") = "Adafruit_NeoPixel-1.7.0", "C:\Users\julius.baechle\Documents\Arduino\libraries\Adafruit_NeoPixel\Adafruit_NeoPixel-1.7.0.vcxitems", "{8632ABCE-25DA-498D-A361-075D374115C5}"
EndProject
Project("{8BC9CEB8-8B4A-11D0-8D11-00A0C91BC942}") = "ESPAsyncWebServer-1.2.3", "C:\Users\julius.baechle\Documents\Arduino\libraries\ESPAsyncWebServer\ESPAsyncWebServer-1.2.3.vcxitems", "{6894882B-60DC-4949-8839-244CB990E47D}"
EndProject
Project("{8BC9CEB8-8B4A-11D0-8D11-00A0C91BC942}") = "AsyncTCP-1.1.1", "C:\Users\julius.baechle\Documents\Arduino\libraries\AsyncTCP\AsyncTCP-1.1.1.vcxitems", "{D6386C8A-08A2-456A-AD61-4A89448D0C5C}"
EndProject
Project("{8BC9CEB8-8B4A-11D0-8D11-00A0C91BC942}") = "SPIFFS-1.0", "C:\Users\julius.baechle\AppData\Local\arduino15\packages\esp32\hardware\esp32\1.0.6\libraries\SPIFFS\SPIFFS-1.0.vcxitems", "{890D6983-E095-4898-B270-17E11D6D4F5A}"
EndProject
Project("{8BC9CEB8-8B4A-11D0-8D11-00A0C91BC942}") = "Wire-1.0.1", "C:\Users\julius.baechle\AppData\Local\arduino15\packages\esp32\hardware\esp32\1.0.6\libraries\Wire\Wire-1.0.1.vcxitems", "{42394720-E8DC-49D0-B5DD-00AE715E1038}"
EndProject
Project("{8BC9CEB8-8B4A-11D0-8D11-00A0C91BC942}") = "NTPClient-3.2.0", "C:\Users\julius.baechle\Documents\Arduino\libraries\NTPClient\NTPClient-3.2.0.vcxitems", "{786BE793-B67C-4E3B-882A-8C31C8A6C8C2}"
EndProject
Project("{8BC9CEB8-8B4A-11D0-8D11-00A0C91BC942}") = "WiFi-1.0", "C:\Users\julius.baechle\AppData\Local\arduino15\packages\esp32\hardware\esp32\1.0.6\libraries\WiFi\WiFi-1.0.vcxitems", "{9D864EE0-9D74-4F4D-A57C-1D4993438FF7}"
EndProject
Project("{8BC9CEB8-8B4A-11D0-8D11-00A0C91BC942}") = "DNSServer-1.1.0", "C:\Users\julius.baechle\AppData\Local\arduino15\packages\esp32\hardware\esp32\1.0.6\libraries\DNSServer\DNSServer-1.1.0.vcxitems", "{62070C2D-E0E0-42EE-9D4C-8AF16AD1C0DB}"
EndProject
Project("{8BC9CEB8-8B4A-11D0-8D11-00A0C91BC942}") = "QlockToo", "Qlocktwo.vcxproj", "{C5F80730-F44F-4478-BDAE-6634EFC2CA88}"
EndProject
Project("{8BC9CEB8-8B4A-11D0-8D11-00A0C91BC942}") = "ArduinoJson-6.18.2", "C:\Users\julius.baechle\Documents\Arduino\libraries\ArduinoJson\ArduinoJson-6.18.2.vcxitems", "{86B348AB-5117-4873-BF00-C17A81037F6E}"
EndProject
Project("{8BC9CEB8-8B4A-11D0-8D11-00A0C91BC942}") = "FS-1.0", "C:\Users\julius.baechle\AppData\Local\arduino15\packages\esp32\hardware\esp32\1.0.6\libraries\FS\FS-1.0.vcxitems", "{6FF7909B-01C4-450F-8D26-46EB1F9D1537}"
EndProject
Global
	GlobalSection(SharedMSBuildProjectFiles) = preSolution
		C:\Users\julius.baechle\AppData\Local\arduino15\packages\esp32\hardware\esp32\1.0.6\libraries\Wire\Wire-1.0.1.vcxitems*{42394720-e8dc-49d0-b5dd-00ae715e1038}*SharedItemsImports = 9
		C:\Users\julius.baechle\AppData\Local\arduino15\packages\esp32\hardware\esp32\1.0.6\libraries\DNSServer\DNSServer-1.1.0.vcxitems*{62070c2d-e0e0-42ee-9d4c-8af16ad1c0db}*SharedItemsImports = 9
		C:\Users\julius.baechle\Documents\Arduino\libraries\ESPAsyncWebServer\ESPAsyncWebServer-1.2.3.vcxitems*{6894882b-60dc-4949-8839-244cb990e47d}*SharedItemsImports = 9
		C:\Users\julius.baechle\AppData\Local\arduino15\packages\esp32\hardware\esp32\1.0.6\libraries\FS\FS-1.0.vcxitems*{6ff7909b-01c4-450f-8d26-46eb1f9d1537}*SharedItemsImports = 9
		C:\Users\julius.baechle\Documents\Arduino\libraries\NTPClient\NTPClient-3.2.0.vcxitems*{786be793-b67c-4e3b-882a-8c31c8a6c8c2}*SharedItemsImports = 9
		C:\Users\julius.baechle\Documents\Arduino\libraries\Adafruit_NeoPixel\Adafruit_NeoPixel-1.7.0.vcxitems*{8632abce-25da-498d-a361-075d374115c5}*SharedItemsImports = 9
		C:\Users\julius.baechle\Documents\Arduino\libraries\ArduinoJson\ArduinoJson-6.18.2.vcxitems*{86b348ab-5117-4873-bf00-c17a81037f6e}*SharedItemsImports = 9
		C:\Users\julius.baechle\AppData\Local\arduino15\packages\esp32\hardware\esp32\1.0.6\libraries\SPIFFS\SPIFFS-1.0.vcxitems*{890d6983-e095-4898-b270-17e11d6d4f5a}*SharedItemsImports = 9
		C:\Users\julius.baechle\AppData\Local\arduino15\packages\esp32\hardware\esp32\1.0.6\libraries\WiFi\WiFi-1.0.vcxitems*{9d864ee0-9d74-4f4d-a57c-1d4993438ff7}*SharedItemsImports = 9
		C:\Users\julius.baechle\AppData\Local\arduino15\packages\esp32\hardware\esp32\1.0.6\libraries\DNSServer\DNSServer-1.1.0.vcxitems*{c5f80730-f44f-4478-bdae-6634efc2ca88}*SharedItemsImports = 4
		C:\Users\julius.baechle\AppData\Local\arduino15\packages\esp32\hardware\esp32\1.0.6\libraries\FS\FS-1.0.vcxitems*{c5f80730-f44f-4478-bdae-6634efc2ca88}*SharedItemsImports = 4
		C:\Users\julius.baechle\AppData\Local\arduino15\packages\esp32\hardware\esp32\1.0.6\libraries\SPIFFS\SPIFFS-1.0.vcxitems*{c5f80730-f44f-4478-bdae-6634efc2ca88}*SharedItemsImports = 4
		C:\Users\julius.baechle\AppData\Local\arduino15\packages\esp32\hardware\esp32\1.0.6\libraries\WiFi\WiFi-1.0.vcxitems*{c5f80730-f44f-4478-bdae-6634efc2ca88}*SharedItemsImports = 4
		C:\Users\julius.baechle\AppData\Local\arduino15\packages\esp32\hardware\esp32\1.0.6\libraries\Wire\Wire-1.0.1.vcxitems*{c5f80730-f44f-4478-bdae-6634efc2ca88}*SharedItemsImports = 4
		C:\Users\julius.baechle\Documents\Arduino\libraries\ArduinoJson\ArduinoJson-6.18.2.vcxitems*{c5f80730-f44f-4478-bdae-6634efc2ca88}*SharedItemsImports = 4
		C:\Users\julius.baechle\Documents\Arduino\libraries\NTPClient\NTPClient-3.2.0.vcxitems*{c5f80730-f44f-4478-bdae-6634efc2ca88}*SharedItemsImports = 4
		C:\Users\julius.baechle\Documents\Arduino\libraries\AsyncTCP\AsyncTCP-1.1.1.vcxitems*{d6386c8a-08a2-456a-ad61-4a89448d0c5c}*SharedItemsImports = 9
	EndGlobalSection
	GlobalSection(SolutionConfigurationPlatforms) = preSolution
		Debug|x86 = Debug|x86
		Release|x86 = Release|x86
	EndGlobalSection
	GlobalSection(ProjectConfigurationPlatforms) = postSolution
		{C5F80730-F44F-4478-BDAE-6634EFC2CA88}.Debug|x86.ActiveCfg = Debug|Win32
		{C5F80730-F44F-4478-BDAE-6634EFC2CA88}.Debug|x86.Build.0 = Debug|Win32
		{C5F80730-F44F-4478-BDAE-6634EFC2CA88}.Release|x86.ActiveCfg = Release|Win32
		{C5F80730-F44F-4478-BDAE-6634EFC2CA88}.Release|x86.Build.0 = Release|Win32
	EndGlobalSection
	GlobalSection(SolutionProperties) = preSolution
		HideSolutionNode = FALSE
	EndGlobalSection
	GlobalSection(ExtensibilityGlobals) = postSolution
		SolutionGuid = {C867294C-7C18-47B0-94F0-66BC64E1B653}
	EndGlobalSection
EndGlobal
